// !$*UTF8*$!
{
	archiveVersion = 1;
	classes = {
	};
	objectVersion = 46;
	objects = {

/* Begin PBXBuildFile section */
		F73FA8351EF1C6F4008622DD /* AppDelegate.swift in Sources */ = {isa = PBXBuildFile; fileRef = F73FA8341EF1C6F4008622DD /* AppDelegate.swift */; };
		F73FA8371EF1C6F4008622DD /* ViewController.swift in Sources */ = {isa = PBXBuildFile; fileRef = F73FA8361EF1C6F4008622DD /* ViewController.swift */; };
		F73FA83A1EF1C6F4008622DD /* Main.storyboard in Resources */ = {isa = PBXBuildFile; fileRef = F73FA8381EF1C6F4008622DD /* Main.storyboard */; };
		F73FA83C1EF1C6F4008622DD /* Assets.xcassets in Resources */ = {isa = PBXBuildFile; fileRef = F73FA83B1EF1C6F4008622DD /* Assets.xcassets */; };
		F73FA83F1EF1C6F4008622DD /* LaunchScreen.storyboard in Resources */ = {isa = PBXBuildFile; fileRef = F73FA83D1EF1C6F4008622DD /* LaunchScreen.storyboard */; };
/* End PBXBuildFile section */

/* Begin PBXFileReference section */
		F73FA8311EF1C6F4008622DD /* p2.app */ = {isa = PBXFileReference; explicitFileType = wrapper.application; includeInIndex = 0; path = p2.app; sourceTree = BUILT_PRODUCTS_DIR; };
		F73FA8341EF1C6F4008622DD /* AppDelegate.swift */ = {isa = PBXFileReference; lastKnownFileType = sourcecode.swift; path = AppDelegate.swift; sourceTree = "<group>"; };
		F73FA8361EF1C6F4008622DD /* ViewController.swift */ = {isa = PBXFileReference; lastKnownFileType = sourcecode.swift; path = ViewController.swift; sourceTree = "<group>"; };
		F73FA8391EF1C6F4008622DD /* Base */ = {isa = PBXFileReference; lastKnownFileType = file.storyboard; name = Base; path = Base.lproj/Main.storyboard; sourceTree = "<group>"; };
		F73FA83B1EF1C6F4008622DD /* Assets.xcassets */ = {isa = PBXFileReference; lastKnownFileType = folder.assetcatalog; path = Assets.xcassets; sourceTree = "<group>"; };
		F73FA83E1EF1C6F4008622DD /* Base */ = {isa = PBXFileReference; lastKnownFileType = file.storyboard; name = Base; path = Base.lproj/LaunchScreen.storyboard; sourceTree = "<group>"; };
		F73FA8401EF1C6F4008622DD /* Info.plist */ = {isa = PBXFileReference; lastKnownFileType = text.plist.xml; path = Info.plist; sourceTree = "<group>"; };
/* End PBXFileReference section */

/* Begin PBXFrameworksBuildPhase section */
		F73FA82E1EF1C6F4008622DD /* Frameworks */ = {
			isa = PBXFrameworksBuildPhase;
			buildActionMask = 2147483647;
			files = (
			);
			runOnlyForDeploymentPostprocessing = 0;
		};
/* End PBXFrameworksBuildPhase section */

/* Begin PBXGroup section */
		F73FA8281EF1C6F4008622DD = {
			isa = PBXGroup;
			children = (
				F73FA8331EF1C6F4008622DD /* p2 */,
				F73FA8321EF1C6F4008622DD /* Products */,
			);
			sourceTree = "<group>";
		};
		F73FA8321EF1C6F4008622DD /* Products */ = {
			isa = PBXGroup;
			children = (
				F73FA8311EF1C6F4008622DD /* p2.app */,
			);
			name = Products;
			sourceTree = "<group>";
		};
		F73FA8331EF1C6F4008622DD /* p2 */ = {
			isa = PBXGroup;
			children = (
				F73FA8341EF1C6F4008622DD /* AppDelegate.swift */,
				F73FA8361EF1C6F4008622DD /* ViewController.swift */,
				F73FA8381EF1C6F4008622DD /* Main.storyboard */,
				F73FA83B1EF1C6F4008622DD /* Assets.xcassets */,
				F73FA83D1EF1C6F4008622DD /* LaunchScreen.storyboard */,
				F73FA8401EF1C6F4008622DD /* Info.plist */,
			);
			path = p2;
			sourceTree = "<group>";
		};
/* End PBXGroup section */

/* Begin PBXNativeTarget section */
		F73FA8301EF1C6F4008622DD /* p2 */ = {
			isa = PBXNativeTarget;
			buildConfigurationList = F73FA8431EF1C6F4008622DD /* Build configuration list for PBXNativeTarget "p2" */;
			buildPhases = (
				F73FA82D1EF1C6F4008622DD /* Sources */,
				F73FA82E1EF1C6F4008622DD /* Frameworks */,
				F73FA82F1EF1C6F4008622DD /* Resources */,
			);
			buildRules = (
			);
			dependencies = (
			);
			name = p2;
			productName = p2;
			productReference = F73FA8311EF1C6F4008622DD /* p2.app */;
			productType = "com.apple.product-type.application";
		};
/* End PBXNativeTarget section */

/* Begin PBXProject section */
		F73FA8291EF1C6F4008622DD /* Project object */ = {
			isa = PBXProject;
			attributes = {
				LastSwiftUpdateCheck = 0830;
				LastUpgradeCheck = 0830;
				ORGANIZATIONNAME = "Scott Smith";
				TargetAttributes = {
					F73FA8301EF1C6F4008622DD = {
						CreatedOnToolsVersion = 8.3.3;
						ProvisioningStyle = Automatic;
					};
				};
			};
			buildConfigurationList = F73FA82C1EF1C6F4008622DD /* Build configuration list for PBXProject "p2" */;
			compatibilityVersion = "Xcode 3.2";
			developmentRegion = English;
			hasScannedForEncodings = 0;
			knownRegions = (
				en,
				Base,
			);
			mainGroup = F73FA8281EF1C6F4008622DD;
			productRefGroup = F73FA8321EF1C6F4008622DD /* Products */;
			projectDirPath = "";
			projectRoot = "";
			targets = (
				F73FA8301EF1C6F4008622DD /* p2 */,
			);
		};
/* End PBXProject section */

/* Begin PBXResourcesBuildPhase section */
		F73FA82F1EF1C6F4008622DD /* Resources */ = {
			isa = PBXResourcesBuildPhase;
			buildActionMask = 2147483647;
			files = (
				F73FA83F1EF1C6F4008622DD /* LaunchScreen.storyboard in Resources */,
				F73FA83C1EF1C6F4008622DD /* Assets.xcassets in Resources */,
				F73FA83A1EF1C6F4008622DD /* Main.storyboard in Resources */,
			);
			runOnlyForDeploymentPostprocessing = 0;
		};
/* End PBXResourcesBuildPhase section */

/* Begin PBXSourcesBuildPhase section */
		F73FA82D1EF1C6F4008622DD /* Sources */ = {
			isa = PBXSourcesBuildPhase;
			buildActionMask = 2147483647;
			files = (
				F73FA8371EF1C6F4008622DD /* ViewController.swift in Sources */,
				F73FA8351EF1C6F4008622DD /* AppDelegate.swift in Sources */,
			);
			runOnlyForDeploymentPostprocessing = 0;
		};
/* End PBXSourcesBuildPhase section */

/* Begin PBXVariantGroup section */
		F73FA8381EF1C6F4008622DD /* Main.storyboard */ = {
			isa = PBXVariantGroup;
			children = (
				F73FA8391EF1C6F4008622DD /* Base */,
			);
			name = Main.storyboard;
			sourceTree = "<group>";
		};
		F73FA83D1EF1C6F4008622DD /* LaunchScreen.storyboard */ = {
			isa = PBXVariantGroup;
			children = (
				F73FA83E1EF1C6F4008622DD /* Base */,
			);
			name = LaunchScreen.storyboard;
			sourceTree = "<group>";
		};
/* End PBXVariantGroup section */

/* Begin XCBuildConfiguration section */
		F73FA8411EF1C6F4008622DD /* Debug */ = {
			isa = XCBuildConfiguration;
			buildSettings = {
				ALWAYS_SEARCH_USER_PATHS = NO;
				CLANG_ANALYZER_NONNULL = YES;
				CLANG_ANALYZER_NUMBER_OBJECT_CONVERSION = YES_AGGRESSIVE;
				CLANG_CXX_LANGUAGE_STANDARD = "gnu++0x";
				CLANG_CXX_LIBRARY = "libc++";
				CLANG_ENABLE_MODULES = YES;
				CLANG_ENABLE_OBJC_ARC = YES;
				CLANG_WARN_BOOL_CONVERSION = YES;
				CLANG_WARN_CONSTANT_CONVERSION = YES;
				CLANG_WARN_DIRECT_OBJC_ISA_USAGE = YES_ERROR;
				CLANG_WARN_DOCUMENTATION_COMMENTS = YES;
				CLANG_WARN_EMPTY_BODY = YES;
				CLANG_WARN_ENUM_CONVERSION = YES;
				CLANG_WARN_INFINITE_RECURSION = YES;
				CLANG_WARN_INT_CONVERSION = YES;
				CLANG_WARN_OBJC_ROOT_CLASS = YES_ERROR;
				CLANG_WARN_SUSPICIOUS_MOVE = YES;
				CLANG_WARN_UNREACHABLE_CODE = YES;
				CLANG_WARN__DUPLICATE_METHOD_MATCH = YES;
				"CODE_SIGN_IDENTITY[sdk=iphoneos*]" = "iPhone Developer";
				COPY_PHASE_STRIP = NO;
				DEBUG_INFORMATION_FORMAT = dwarf;
				ENABLE_STRICT_OBJC_MSGSEND = YES;
				ENABLE_TESTABILITY = YES;
				GCC_C_LANGUAGE_STANDARD = gnu99;
				GCC_DYNAMIC_NO_PIC = NO;
				GCC_NO_COMMON_BLOCKS = YES;
				GCC_OPTIMIZATION_LEVEL = 0;
				GCC_PREPROCESSOR_DEFINITIONS = (
					"DEBUG=1",
					"$(inherited)",
				);
				GCC_WARN_64_TO_32_BIT_CONVERSION = YES;
				GCC_WARN_ABOUT_RETURN_TYPE = YES_ERROR;
				GCC_WARN_UNDECLARED_SELECTOR = YES;
				GCC_WARN_UNINITIALIZED_AUTOS = YES_AGGRESSIVE;
				GCC_WARN_UNUSED_FUNCTION = YES;
				GCC_WARN_UNUSED_VARIABLE = YES;
				IPHONEOS_DEPLOYMENT_TARGET = 10.3;
				MTL_ENABLE_DEBUG_INFO = YES;
				ONLY_ACTIVE_ARCH = YES;
				SDKROOT = iphoneos;
				SWIFT_ACTIVE_COMPILATION_CONDITIONS = DEBUG;
				SWIFT_OPTIMIZATION_LEVEL = "-Onone";
				TARGETED_DEVICE_FAMILY = "1,2";
			};
			name = Debug;
		};
		F73FA8421EF1C6F4008622DD /* Release */ = {
			isa = XCBuildConfiguration;
			buildSettings = {
				ALWAYS_SEARCH_USER_PATHS = NO;
				CLANG_ANALYZER_NONNULL = YES;
				CLANG_ANALYZER_NUMBER_OBJECT_CONVERSION = YES_AGGRESSIVE;
				CLANG_CXX_LANGUAGE_STANDARD = "gnu++0x";
				CLANG_CXX_LIBRARY = "libc++";
				CLANG_ENABLE_MODULES = YES;
				CLANG_ENABLE_OBJC_ARC = YES;
				CLANG_WARN_BOOL_CONVERSION = YES;
				CLANG_WARN_CONSTANT_CONVERSION = YES;
				CLANG_WARN_DIRECT_OBJC_ISA_USAGE = YES_ERROR;
				CLANG_WARN_DOCUMENTATION_COMMENTS = YES;
				CLANG_WARN_EMPTY_BODY = YES;
				CLANG_WARN_ENUM_CONVERSION = YES;
				CLANG_WARN_INFINITE_RECURSION = YES;
				CLANG_WARN_INT_CONVERSION = YES;
				CLANG_WARN_OBJC_ROOT_CLASS = YES_ERROR;
				CLANG_WARN_SUSPICIOUS_MOVE = YES;
				CLANG_WARN_UNREACHABLE_CODE = YES;
				CLANG_WARN__DUPLICATE_METHOD_MATCH = YES;
				"CODE_SIGN_IDENTITY[sdk=iphoneos*]" = "iPhone Developer";
				COPY_PHASE_STRIP = NO;
				DEBUG_INFORMATION_FORMAT = "dwarf-with-dsym";
				ENABLE_NS_ASSERTIONS = NO;
				ENABLE_STRICT_OBJC_MSGSEND = YES;
				GCC_C_LANGUAGE_STANDARD = gnu99;
				GCC_NO_COMMON_BLOCKS = YES;
				GCC_WARN_64_TO_32_BIT_CONVERSION = YES;
				GCC_WARN_ABOUT_RETURN_TYPE = YES_ERROR;
				GCC_WARN_UNDECLARED_SELECTOR = YES;
				GCC_WARN_UNINITIALIZED_AUTOS = YES_AGGRESSIVE;
				GCC_WARN_UNUSED_FUNCTION = YES;
				GCC_WARN_UNUSED_VARIABLE = YES;
				IPHONEOS_DEPLOYMENT_TARGET = 10.3;
				MTL_ENABLE_DEBUG_INFO = NO;
				SDKROOT = iphoneos;
				SWIFT_OPTIMIZATION_LEVEL = "-Owholemodule";
				TARGETED_DEVICE_FAMILY = "1,2";
				VALIDATE_PRODUCT = YES;
			};
			name = Release;
		};
		F73FA8441EF1C6F4008622DD /* Debug */ = {
			isa = XCBuildConfiguration;
			buildSettings = {
				ASSETCATALOG_COMPILER_APPICON_NAME = AppIcon;
				INFOPLIST_FILE = p2/Info.plist;
				LD_RUNPATH_SEARCH_PATHS = "$(inherited) @executable_path/Frameworks";
				PRODUCT_BUNDLE_IDENTIFIER = com.cwd.p2;
				PRODUCT_NAME = "$(TARGET_NAME)";
				SWIFT_VERSION = 3.0;
			};
			name = Debug;
		};
		F73FA8451EF1C6F4008622DD /* Release */ = {
			isa = XCBuildConfiguration;
			buildSettings = {
				ASSETCATALOG_COMPILER_APPICON_NAME = AppIcon;
				INFOPLIST_FILE = p2/Info.plist;
				LD_RUNPATH_SEARCH_PATHS = "$(inherited) @executable_path/Frameworks";
				PRODUCT_BUNDLE_IDENTIFIER = com.cwd.p2;
				PRODUCT_NAME = "$(TARGET_NAME)";
				SWIFT_VERSION = 3.0;
			};
			name = Release;
		};
/* End XCBuildConfiguration section */

/* Begin XCConfigurationList section */
		F73FA82C1EF1C6F4008622DD /* Build configuration list for PBXProject "p2" */ = {
			isa = XCConfigurationList;
			buildConfigurations = (
				F73FA8411EF1C6F4008622DD /* Debug */,
				F73FA8421EF1C6F4008622DD /* Release */,
			);
			defaultConfigurationIsVisible = 0;
			defaultConfigurationName = Release;
		};
		F73FA8431EF1C6F4008622DD /* Build configuration list for PBXNativeTarget "p2" */ = {
			isa = XCConfigurationList;
			buildConfigurations = (
				F73FA8441EF1C6F4008622DD /* Debug */,
				F73FA8451EF1C6F4008622DD /* Release */,
			);
			defaultConfigurationIsVisible = 0;
		};
/* End XCConfigurationList section */
	};
	rootObject = F73FA8291EF1C6F4008622DD /* Project object */;
}
